
Microsoft Visual Studio Solution File, Format Version 12.00
# Visual Studio 15
VisualStudioVersion = 15.0.28307.1062
MinimumVisualStudioVersion = 10.0.40219.1
Project("{FAE04EC0-301F-11D3-BF4B-00C04F79EFBC}") = "Nedeljni_I_Kristina_Garcia_Francisco", "Nedeljni_I_Kristina_Garcia_Francisco\Nedeljni_I_Kristina_Garcia_Francisco.csproj", "{3CC12AED-CD69-4D40-833E-A04E0D1602BD}"
EndProject
Global
	GlobalSection(SolutionConfigurationPlatforms) = preSolution
		Debug|Any CPU = Debug|Any CPU
		Release|Any CPU = Release|Any CPU
	EndGlobalSection
	GlobalSection(ProjectConfigurationPlatforms) = postSolution
		{3CC12AED-CD69-4D40-833E-A04E0D1602BD}.Debug|Any CPU.ActiveCfg = Debug|Any CPU
		{3CC12AED-CD69-4D40-833E-A04E0D1602BD}.Debug|Any CPU.Build.0 = Debug|Any CPU
		{3CC12AED-CD69-4D40-833E-A04E0D1602BD}.Release|Any CPU.ActiveCfg = Release|Any CPU
		{3CC12AED-CD69-4D40-833E-A04E0D1602BD}.Release|Any CPU.Build.0 = Release|Any CPU
	EndGlobalSection
	GlobalSection(SolutionProperties) = preSolution
		HideSolutionNode = FALSE
	EndGlobalSection
	GlobalSection(ExtensibilityGlobals) = postSolution
		SolutionGuid = {B428DA84-3F64-4300-81BE-2B24FC730B96}
	EndGlobalSection
EndGlobal
